
Microsoft Visual Studio Solution File, Format Version 12.00
# Visual Studio Version 16
VisualStudioVersion = 16.0.29806.167
MinimumVisualStudioVersion = 10.0.40219.1
Project("{9A19103F-16F7-4668-BE54-9A1E7A4F7556}") = "Core.API", "Src\Core.API\Core.API.csproj", "{1723971A-89C2-4A57-9BC8-613C4D8B07D5}"
EndProject
Global
	GlobalSection(SolutionConfigurationPlatforms) = preSolution
		Debug|Any CPU = Debug|Any CPU
		Release|Any CPU = Release|Any CPU
	EndGlobalSection
	GlobalSection(ProjectConfigurationPlatforms) = postSolution
		{1723971A-89C2-4A57-9BC8-613C4D8B07D5}.Debug|Any CPU.ActiveCfg = Debug|Any CPU
		{1723971A-89C2-4A57-9BC8-613C4D8B07D5}.Debug|Any CPU.Build.0 = Debug|Any CPU
		{1723971A-89C2-4A57-9BC8-613C4D8B07D5}.Release|Any CPU.ActiveCfg = Release|Any CPU
		{1723971A-89C2-4A57-9BC8-613C4D8B07D5}.Release|Any CPU.Build.0 = Release|Any CPU
	EndGlobalSection
	GlobalSection(SolutionProperties) = preSolution
		HideSolutionNode = FALSE
	EndGlobalSection
	GlobalSection(ExtensibilityGlobals) = postSolution
		SolutionGuid = {2AA22817-DFC7-4301-A06A-501596F094F5}
	EndGlobalSection
EndGlobal
